// !$*UTF8*$!
{
	archiveVersion = 1;
	classes = {
	};
	objectVersion = 46;
	objects = {

/* Begin PBXBuildFile section */
		0CA33A4F17DDCFFC00E521C9 /* QNFileStationMapping.m in Sources */ = {isa = PBXBuildFile; fileRef = 0CA33A4E17DDCFFC00E521C9 /* QNFileStationMapping.m */; };
		0CA5F17417D4942F00183046 /* Foundation.framework in Frameworks */ = {isa = PBXBuildFile; fileRef = 0CA5F17317D4942F00183046 /* Foundation.framework */; };
		0CA5F17917D4942F00183046 /* QNAPFramework.h in CopyFiles */ = {isa = PBXBuildFile; fileRef = 0CA5F17817D4942F00183046 /* QNAPFramework.h */; };
		0CA5F17B17D4942F00183046 /* QNAPFramework.m in Sources */ = {isa = PBXBuildFile; fileRef = 0CA5F17A17D4942F00183046 /* QNAPFramework.m */; };
		0CA5F18317D4942F00183046 /* SenTestingKit.framework in Frameworks */ = {isa = PBXBuildFile; fileRef = 0CA5F18217D4942F00183046 /* SenTestingKit.framework */; };
		0CA5F18517D4942F00183046 /* UIKit.framework in Frameworks */ = {isa = PBXBuildFile; fileRef = 0CA5F18417D4942F00183046 /* UIKit.framework */; };
		0CA5F18617D4942F00183046 /* Foundation.framework in Frameworks */ = {isa = PBXBuildFile; fileRef = 0CA5F17317D4942F00183046 /* Foundation.framework */; };
		0CA5F18F17D4942F00183046 /* InfoPlist.strings in Resources */ = {isa = PBXBuildFile; fileRef = 0CA5F18D17D4942F00183046 /* InfoPlist.strings */; };
		0CA5F19217D4942F00183046 /* QNAPFrameworkTests.m in Sources */ = {isa = PBXBuildFile; fileRef = 0CA5F19117D4942F00183046 /* QNAPFrameworkTests.m */; };
		0CA5F19D17D497CD00183046 /* QNAPCommunicationManager.m in Sources */ = {isa = PBXBuildFile; fileRef = 0CA5F19C17D497CD00183046 /* QNAPCommunicationManager.m */; };
		3BA49805E4514E86BF621E22 /* libPods.a in Frameworks */ = {isa = PBXBuildFile; fileRef = EFBD73E0B6634CCC9D885182 /* libPods.a */; };
		A315014017D5C48400C2BF2A /* SystemConfiguration.framework in Frameworks */ = {isa = PBXBuildFile; fileRef = A315013F17D5C48400C2BF2A /* SystemConfiguration.framework */; };
		A315014217D5C48B00C2BF2A /* MobileCoreServices.framework in Frameworks */ = {isa = PBXBuildFile; fileRef = A315014117D5C48B00C2BF2A /* MobileCoreServices.framework */; };
		A322816E17D656FB00017366 /* myCloudCoreData.xcdatamodeld in Sources */ = {isa = PBXBuildFile; fileRef = A322816C17D656FB00017366 /* myCloudCoreData.xcdatamodeld */; };
		A322817717D6604A00017366 /* UIKit.framework in Frameworks */ = {isa = PBXBuildFile; fileRef = 0CA5F18417D4942F00183046 /* UIKit.framework */; };
		A322817817D6604A00017366 /* Foundation.framework in Frameworks */ = {isa = PBXBuildFile; fileRef = 0CA5F17317D4942F00183046 /* Foundation.framework */; };
		A322817A17D6604A00017366 /* CoreGraphics.framework in Frameworks */ = {isa = PBXBuildFile; fileRef = A322817917D6604A00017366 /* CoreGraphics.framework */; };
		A322818017D6604A00017366 /* InfoPlist.strings in Resources */ = {isa = PBXBuildFile; fileRef = A322817E17D6604A00017366 /* InfoPlist.strings */; };
		A322818217D6604A00017366 /* main.m in Sources */ = {isa = PBXBuildFile; fileRef = A322818117D6604A00017366 /* main.m */; };
		A322818617D6604A00017366 /* QNAppDelegate.m in Sources */ = {isa = PBXBuildFile; fileRef = A322818517D6604A00017366 /* QNAppDelegate.m */; };
		A322818817D6604A00017366 /* Default.png in Resources */ = {isa = PBXBuildFile; fileRef = A322818717D6604A00017366 /* Default.png */; };
		A322818A17D6604A00017366 /* Default@2x.png in Resources */ = {isa = PBXBuildFile; fileRef = A322818917D6604A00017366 /* Default@2x.png */; };
		A322818C17D6604A00017366 /* Default-568h@2x.png in Resources */ = {isa = PBXBuildFile; fileRef = A322818B17D6604A00017366 /* Default-568h@2x.png */; };
		A322818F17D6604A00017366 /* MainStoryboard_iPhone.storyboard in Resources */ = {isa = PBXBuildFile; fileRef = A322818D17D6604A00017366 /* MainStoryboard_iPhone.storyboard */; };
		A322819217D6604A00017366 /* MainStoryboard_iPad.storyboard in Resources */ = {isa = PBXBuildFile; fileRef = A322819017D6604A00017366 /* MainStoryboard_iPad.storyboard */; };
		A322819517D6604A00017366 /* QNViewController.m in Sources */ = {isa = PBXBuildFile; fileRef = A322819417D6604A00017366 /* QNViewController.m */; };
		A32281A317D662B000017366 /* libQNAPFramework.a in Frameworks */ = {isa = PBXBuildFile; fileRef = 0CA5F17017D4942F00183046 /* libQNAPFramework.a */; };
		A32281AA17D6658A00017366 /* Cocoa.framework in Frameworks */ = {isa = PBXBuildFile; fileRef = A32281A917D6658A00017366 /* Cocoa.framework */; };
		A32281B417D6658A00017366 /* InfoPlist.strings in Resources */ = {isa = PBXBuildFile; fileRef = A32281B217D6658A00017366 /* InfoPlist.strings */; };
		A32281B917D665EC00017366 /* myCloudCoreData.xcdatamodeld in Resources */ = {isa = PBXBuildFile; fileRef = A322816C17D656FB00017366 /* myCloudCoreData.xcdatamodeld */; };
		A32281BA17D6664C00017366 /* QNAPFrameworkBundle.bundle in Resources */ = {isa = PBXBuildFile; fileRef = A32281A817D6658900017366 /* QNAPFrameworkBundle.bundle */; };
		A36E1ED617D4D9B2004C0435 /* QNMyCloudManager.m in Sources */ = {isa = PBXBuildFile; fileRef = A36E1ED517D4D9B2004C0435 /* QNMyCloudManager.m */; };
		A3B67F4D17D7B1A100E4066A /* User.m in Sources */ = {isa = PBXBuildFile; fileRef = A3B67F4C17D7B1A100E4066A /* User.m */; };
		A3B67F5017D7B1A100E4066A /* SourceInfo.m in Sources */ = {isa = PBXBuildFile; fileRef = A3B67F4F17D7B1A100E4066A /* SourceInfo.m */; };
		A3B67F5317D7B1A100E4066A /* App.m in Sources */ = {isa = PBXBuildFile; fileRef = A3B67F5217D7B1A100E4066A /* App.m */; };
		A3B67F5617D7B1A100E4066A /* Response.m in Sources */ = {isa = PBXBuildFile; fileRef = A3B67F5517D7B1A100E4066A /* Response.m */; };
		A3B67F5917D7B84E00E4066A /* UserActivity.m in Sources */ = {isa = PBXBuildFile; fileRef = A3B67F5817D7B84E00E4066A /* UserActivity.m */; };
		A3E12BA617D6083300A3982D /* libQNAPFramework.a in Frameworks */ = {isa = PBXBuildFile; fileRef = 0CA5F17017D4942F00183046 /* libQNAPFramework.a */; };
		A3E12BAB17D6119500A3982D /* QNFileStationAPIManager.m in Sources */ = {isa = PBXBuildFile; fileRef = A3E12BAA17D6119500A3982D /* QNFileStationAPIManager.m */; };
		A3E12BAE17D611BC00A3982D /* QNModuleBaseObject.m in Sources */ = {isa = PBXBuildFile; fileRef = A3E12BAD17D611BC00A3982D /* QNModuleBaseObject.m */; };
		A3E12BB117D62B9C00A3982D /* QNMyCloudMapping.m in Sources */ = {isa = PBXBuildFile; fileRef = A3E12BB017D62B9C00A3982D /* QNMyCloudMapping.m */; };
		A3F00C4E17D63C2C004E9C70 /* QNMappingProtoType.m in Sources */ = {isa = PBXBuildFile; fileRef = A3F00C4D17D63C2C004E9C70 /* QNMappingProtoType.m */; };
/* End PBXBuildFile section */

/* Begin PBXContainerItemProxy section */
		0CE3E69E17D6E63E0061C2BB /* PBXContainerItemProxy */ = {
			isa = PBXContainerItemProxy;
			containerPortal = 0CA5F16817D4942F00183046 /* Project object */;
			proxyType = 1;
			remoteGlobalIDString = A32281A717D6658900017366;
			remoteInfo = QNAPFrameworkBundle;
		};
		0CE3E6A017D7027B0061C2BB /* PBXContainerItemProxy */ = {
			isa = PBXContainerItemProxy;
			containerPortal = 0CA5F16817D4942F00183046 /* Project object */;
			proxyType = 1;
			remoteGlobalIDString = A322817517D6604A00017366;
			remoteInfo = QNAPFrameworkDemo;
		};
		A32281A117D6609000017366 /* PBXContainerItemProxy */ = {
			isa = PBXContainerItemProxy;
			containerPortal = 0CA5F16817D4942F00183046 /* Project object */;
			proxyType = 1;
			remoteGlobalIDString = 0CA5F16F17D4942F00183046;
			remoteInfo = QNAPFramework;
		};
/* End PBXContainerItemProxy section */

/* Begin PBXCopyFilesBuildPhase section */
		0CA5F16E17D4942F00183046 /* CopyFiles */ = {
			isa = PBXCopyFilesBuildPhase;
			buildActionMask = 2147483647;
			dstPath = "include/${PRODUCT_NAME}";
			dstSubfolderSpec = 16;
			files = (
				0CA5F17917D4942F00183046 /* QNAPFramework.h in CopyFiles */,
			);
			runOnlyForDeploymentPostprocessing = 0;
		};
/* End PBXCopyFilesBuildPhase section */

/* Begin PBXFileReference section */
		0CA33A4D17DDCFFC00E521C9 /* QNFileStationMapping.h */ = {isa = PBXFileReference; fileEncoding = 4; lastKnownFileType = sourcecode.c.h; name = QNFileStationMapping.h; path = FileStation/QNFileStationMapping.h; sourceTree = "<group>"; };
		0CA33A4E17DDCFFC00E521C9 /* QNFileStationMapping.m */ = {isa = PBXFileReference; fileEncoding = 4; lastKnownFileType = sourcecode.c.objc; name = QNFileStationMapping.m; path = FileStation/QNFileStationMapping.m; sourceTree = "<group>"; };
		0CA5F17017D4942F00183046 /* libQNAPFramework.a */ = {isa = PBXFileReference; explicitFileType = archive.ar; includeInIndex = 0; path = libQNAPFramework.a; sourceTree = BUILT_PRODUCTS_DIR; };
		0CA5F17317D4942F00183046 /* Foundation.framework */ = {isa = PBXFileReference; lastKnownFileType = wrapper.framework; name = Foundation.framework; path = System/Library/Frameworks/Foundation.framework; sourceTree = SDKROOT; };
		0CA5F17717D4942F00183046 /* QNAPFramework-Prefix.pch */ = {isa = PBXFileReference; lastKnownFileType = sourcecode.c.h; path = "QNAPFramework-Prefix.pch"; sourceTree = "<group>"; };
		0CA5F17817D4942F00183046 /* QNAPFramework.h */ = {isa = PBXFileReference; lastKnownFileType = sourcecode.c.h; path = QNAPFramework.h; sourceTree = "<group>"; };
		0CA5F17A17D4942F00183046 /* QNAPFramework.m */ = {isa = PBXFileReference; lastKnownFileType = sourcecode.c.objc; path = QNAPFramework.m; sourceTree = "<group>"; };
		0CA5F18117D4942F00183046 /* QNAPFrameworkTests.octest */ = {isa = PBXFileReference; explicitFileType = wrapper.cfbundle; includeInIndex = 0; path = QNAPFrameworkTests.octest; sourceTree = BUILT_PRODUCTS_DIR; };
		0CA5F18217D4942F00183046 /* SenTestingKit.framework */ = {isa = PBXFileReference; lastKnownFileType = wrapper.framework; name = SenTestingKit.framework; path = Library/Frameworks/SenTestingKit.framework; sourceTree = DEVELOPER_DIR; };
		0CA5F18417D4942F00183046 /* UIKit.framework */ = {isa = PBXFileReference; lastKnownFileType = wrapper.framework; name = UIKit.framework; path = Library/Frameworks/UIKit.framework; sourceTree = DEVELOPER_DIR; };
		0CA5F18C17D4942F00183046 /* QNAPFrameworkTests-Info.plist */ = {isa = PBXFileReference; lastKnownFileType = text.plist.xml; path = "QNAPFrameworkTests-Info.plist"; sourceTree = "<group>"; };
		0CA5F18E17D4942F00183046 /* en */ = {isa = PBXFileReference; lastKnownFileType = text.plist.strings; name = en; path = en.lproj/InfoPlist.strings; sourceTree = "<group>"; };
		0CA5F19017D4942F00183046 /* QNAPFrameworkTests.h */ = {isa = PBXFileReference; lastKnownFileType = sourcecode.c.h; path = QNAPFrameworkTests.h; sourceTree = "<group>"; };
		0CA5F19117D4942F00183046 /* QNAPFrameworkTests.m */ = {isa = PBXFileReference; lastKnownFileType = sourcecode.c.objc; path = QNAPFrameworkTests.m; sourceTree = "<group>"; };
		0CA5F19B17D497CD00183046 /* QNAPCommunicationManager.h */ = {isa = PBXFileReference; fileEncoding = 4; lastKnownFileType = sourcecode.c.h; name = QNAPCommunicationManager.h; path = CommunicationManager/QNAPCommunicationManager.h; sourceTree = "<group>"; };
		0CA5F19C17D497CD00183046 /* QNAPCommunicationManager.m */ = {isa = PBXFileReference; fileEncoding = 4; lastKnownFileType = sourcecode.c.objc; name = QNAPCommunicationManager.m; path = CommunicationManager/QNAPCommunicationManager.m; sourceTree = "<group>"; };
		3C9FDE2E44B82A42C952BCD3 /* NSManagedObjectContext+Extend.h */ = {isa = PBXFileReference; fileEncoding = 4; lastKnownFileType = sourcecode.c.h; path = "NSManagedObjectContext+Extend.h"; sourceTree = "<group>"; };
		8FDCA2533B1A4ABC8ACDAEF7 /* Pods-QNAPFrameworkTests.xcconfig */ = {isa = PBXFileReference; includeInIndex = 1; lastKnownFileType = text.xcconfig; name = "Pods-QNAPFrameworkTests.xcconfig"; path = "Pods/Pods-QNAPFrameworkTests.xcconfig"; sourceTree = SOURCE_ROOT; };
		A315013F17D5C48400C2BF2A /* SystemConfiguration.framework */ = {isa = PBXFileReference; lastKnownFileType = wrapper.framework; name = SystemConfiguration.framework; path = System/Library/Frameworks/SystemConfiguration.framework; sourceTree = SDKROOT; };
		A315014117D5C48B00C2BF2A /* MobileCoreServices.framework */ = {isa = PBXFileReference; lastKnownFileType = wrapper.framework; name = MobileCoreServices.framework; path = System/Library/Frameworks/MobileCoreServices.framework; sourceTree = SDKROOT; };
		A322816D17D656FB00017366 /* myCloudCoreData.xcdatamodel */ = {isa = PBXFileReference; lastKnownFileType = wrapper.xcdatamodel; path = myCloudCoreData.xcdatamodel; sourceTree = "<group>"; };
		A322817617D6604A00017366 /* QNAPFrameworkDemo.app */ = {isa = PBXFileReference; explicitFileType = wrapper.application; includeInIndex = 0; path = QNAPFrameworkDemo.app; sourceTree = BUILT_PRODUCTS_DIR; };
		A322817917D6604A00017366 /* CoreGraphics.framework */ = {isa = PBXFileReference; lastKnownFileType = wrapper.framework; name = CoreGraphics.framework; path = System/Library/Frameworks/CoreGraphics.framework; sourceTree = SDKROOT; };
		A322817D17D6604A00017366 /* QNAPFrameworkDemo-Info.plist */ = {isa = PBXFileReference; lastKnownFileType = text.plist.xml; path = "QNAPFrameworkDemo-Info.plist"; sourceTree = "<group>"; };
		A322817F17D6604A00017366 /* en */ = {isa = PBXFileReference; lastKnownFileType = text.plist.strings; name = en; path = en.lproj/InfoPlist.strings; sourceTree = "<group>"; };
		A322818117D6604A00017366 /* main.m */ = {isa = PBXFileReference; lastKnownFileType = sourcecode.c.objc; path = main.m; sourceTree = "<group>"; };
		A322818317D6604A00017366 /* QNAPFrameworkDemo-Prefix.pch */ = {isa = PBXFileReference; lastKnownFileType = sourcecode.c.h; path = "QNAPFrameworkDemo-Prefix.pch"; sourceTree = "<group>"; };
		A322818417D6604A00017366 /* QNAppDelegate.h */ = {isa = PBXFileReference; lastKnownFileType = sourcecode.c.h; path = QNAppDelegate.h; sourceTree = "<group>"; };
		A322818517D6604A00017366 /* QNAppDelegate.m */ = {isa = PBXFileReference; lastKnownFileType = sourcecode.c.objc; path = QNAppDelegate.m; sourceTree = "<group>"; };
		A322818717D6604A00017366 /* Default.png */ = {isa = PBXFileReference; lastKnownFileType = image.png; path = Default.png; sourceTree = "<group>"; };
		A322818917D6604A00017366 /* Default@2x.png */ = {isa = PBXFileReference; lastKnownFileType = image.png; path = "Default@2x.png"; sourceTree = "<group>"; };
		A322818B17D6604A00017366 /* Default-568h@2x.png */ = {isa = PBXFileReference; lastKnownFileType = image.png; path = "Default-568h@2x.png"; sourceTree = "<group>"; };
		A322818E17D6604A00017366 /* en */ = {isa = PBXFileReference; lastKnownFileType = file.storyboard; name = en; path = en.lproj/MainStoryboard_iPhone.storyboard; sourceTree = "<group>"; };
		A322819117D6604A00017366 /* en */ = {isa = PBXFileReference; lastKnownFileType = file.storyboard; name = en; path = en.lproj/MainStoryboard_iPad.storyboard; sourceTree = "<group>"; };
		A322819317D6604A00017366 /* QNViewController.h */ = {isa = PBXFileReference; lastKnownFileType = sourcecode.c.h; path = QNViewController.h; sourceTree = "<group>"; };
		A322819417D6604A00017366 /* QNViewController.m */ = {isa = PBXFileReference; lastKnownFileType = sourcecode.c.objc; path = QNViewController.m; sourceTree = "<group>"; };
		A32281A817D6658900017366 /* QNAPFrameworkBundle.bundle */ = {isa = PBXFileReference; explicitFileType = wrapper.cfbundle; includeInIndex = 0; path = QNAPFrameworkBundle.bundle; sourceTree = BUILT_PRODUCTS_DIR; };
		A32281A917D6658A00017366 /* Cocoa.framework */ = {isa = PBXFileReference; lastKnownFileType = wrapper.framework; name = Cocoa.framework; path = Library/Frameworks/Cocoa.framework; sourceTree = DEVELOPER_DIR; };
		A32281AC17D6658A00017366 /* AppKit.framework */ = {isa = PBXFileReference; lastKnownFileType = wrapper.framework; name = AppKit.framework; path = Library/Frameworks/AppKit.framework; sourceTree = SDKROOT; };
		A32281AD17D6658A00017366 /* CoreData.framework */ = {isa = PBXFileReference; lastKnownFileType = wrapper.framework; name = CoreData.framework; path = Library/Frameworks/CoreData.framework; sourceTree = SDKROOT; };
		A32281AE17D6658A00017366 /* Foundation.framework */ = {isa = PBXFileReference; lastKnownFileType = wrapper.framework; name = Foundation.framework; path = Library/Frameworks/Foundation.framework; sourceTree = SDKROOT; };
		A32281B117D6658A00017366 /* QNAPFrameworkBundle-Info.plist */ = {isa = PBXFileReference; lastKnownFileType = text.plist.xml; path = "QNAPFrameworkBundle-Info.plist"; sourceTree = "<group>"; };
		A32281B317D6658A00017366 /* en */ = {isa = PBXFileReference; lastKnownFileType = text.plist.strings; name = en; path = en.lproj/InfoPlist.strings; sourceTree = "<group>"; };
		A32281B517D6658A00017366 /* QNAPFrameworkBundle-Prefix.pch */ = {isa = PBXFileReference; lastKnownFileType = sourcecode.c.h; path = "QNAPFrameworkBundle-Prefix.pch"; sourceTree = "<group>"; };
		A32281BB17D7900100017366 /* SettingInfo.h */ = {isa = PBXFileReference; fileEncoding = 4; lastKnownFileType = sourcecode.c.h; path = SettingInfo.h; sourceTree = "<group>"; };
		A36E1ED417D4D9B2004C0435 /* QNMyCloudManager.h */ = {isa = PBXFileReference; fileEncoding = 4; lastKnownFileType = sourcecode.c.h; name = QNMyCloudManager.h; path = CommunicationManager/QNMyCloudManager.h; sourceTree = "<group>"; };
		A36E1ED517D4D9B2004C0435 /* QNMyCloudManager.m */ = {isa = PBXFileReference; fileEncoding = 4; lastKnownFileType = sourcecode.c.objc; name = QNMyCloudManager.m; path = CommunicationManager/QNMyCloudManager.m; sourceTree = "<group>"; };
		A3B67F4B17D7B1A100E4066A /* User.h */ = {isa = PBXFileReference; fileEncoding = 4; lastKnownFileType = sourcecode.c.h; name = User.h; path = QNAPFramework/CoreDataObject/User.h; sourceTree = SOURCE_ROOT; };
		A3B67F4C17D7B1A100E4066A /* User.m */ = {isa = PBXFileReference; fileEncoding = 4; lastKnownFileType = sourcecode.c.objc; name = User.m; path = QNAPFramework/CoreDataObject/User.m; sourceTree = SOURCE_ROOT; };
		A3B67F4E17D7B1A100E4066A /* SourceInfo.h */ = {isa = PBXFileReference; fileEncoding = 4; lastKnownFileType = sourcecode.c.h; name = SourceInfo.h; path = QNAPFramework/CoreDataObject/SourceInfo.h; sourceTree = SOURCE_ROOT; };
		A3B67F4F17D7B1A100E4066A /* SourceInfo.m */ = {isa = PBXFileReference; fileEncoding = 4; lastKnownFileType = sourcecode.c.objc; name = SourceInfo.m; path = QNAPFramework/CoreDataObject/SourceInfo.m; sourceTree = SOURCE_ROOT; };
		A3B67F5117D7B1A100E4066A /* App.h */ = {isa = PBXFileReference; fileEncoding = 4; lastKnownFileType = sourcecode.c.h; name = App.h; path = QNAPFramework/CoreDataObject/App.h; sourceTree = SOURCE_ROOT; };
		A3B67F5217D7B1A100E4066A /* App.m */ = {isa = PBXFileReference; fileEncoding = 4; lastKnownFileType = sourcecode.c.objc; name = App.m; path = QNAPFramework/CoreDataObject/App.m; sourceTree = SOURCE_ROOT; };
		A3B67F5417D7B1A100E4066A /* Response.h */ = {isa = PBXFileReference; fileEncoding = 4; lastKnownFileType = sourcecode.c.h; name = Response.h; path = QNAPFramework/CoreDataObject/Response.h; sourceTree = SOURCE_ROOT; };
		A3B67F5517D7B1A100E4066A /* Response.m */ = {isa = PBXFileReference; fileEncoding = 4; lastKnownFileType = sourcecode.c.objc; name = Response.m; path = QNAPFramework/CoreDataObject/Response.m; sourceTree = SOURCE_ROOT; };
		A3B67F5717D7B84E00E4066A /* UserActivity.h */ = {isa = PBXFileReference; fileEncoding = 4; lastKnownFileType = sourcecode.c.h; name = UserActivity.h; path = QNAPFramework/CoreDataObject/UserActivity.h; sourceTree = SOURCE_ROOT; };
		A3B67F5817D7B84E00E4066A /* UserActivity.m */ = {isa = PBXFileReference; fileEncoding = 4; lastKnownFileType = sourcecode.c.objc; name = UserActivity.m; path = QNAPFramework/CoreDataObject/UserActivity.m; sourceTree = SOURCE_ROOT; };
		A3E12BA917D6119500A3982D /* QNFileStationAPIManager.h */ = {isa = PBXFileReference; fileEncoding = 4; lastKnownFileType = sourcecode.c.h; name = QNFileStationAPIManager.h; path = FileStation/QNFileStationAPIManager.h; sourceTree = "<group>"; };
		A3E12BAA17D6119500A3982D /* QNFileStationAPIManager.m */ = {isa = PBXFileReference; fileEncoding = 4; lastKnownFileType = sourcecode.c.objc; name = QNFileStationAPIManager.m; path = FileStation/QNFileStationAPIManager.m; sourceTree = "<group>"; };
		A3E12BAC17D611BC00A3982D /* QNModuleBaseObject.h */ = {isa = PBXFileReference; fileEncoding = 4; lastKnownFileType = sourcecode.c.h; name = QNModuleBaseObject.h; path = CommunicationManager/QNModuleBaseObject.h; sourceTree = "<group>"; };
		A3E12BAD17D611BC00A3982D /* QNModuleBaseObject.m */ = {isa = PBXFileReference; fileEncoding = 4; lastKnownFileType = sourcecode.c.objc; name = QNModuleBaseObject.m; path = CommunicationManager/QNModuleBaseObject.m; sourceTree = "<group>"; };
		A3E12BAF17D62B9C00A3982D /* QNMyCloudMapping.h */ = {isa = PBXFileReference; fileEncoding = 4; lastKnownFileType = sourcecode.c.h; name = QNMyCloudMapping.h; path = MyCloud/QNMyCloudMapping.h; sourceTree = "<group>"; };
		A3E12BB017D62B9C00A3982D /* QNMyCloudMapping.m */ = {isa = PBXFileReference; fileEncoding = 4; lastKnownFileType = sourcecode.c.objc; name = QNMyCloudMapping.m; path = MyCloud/QNMyCloudMapping.m; sourceTree = "<group>"; };
		A3F00C4C17D63C2C004E9C70 /* QNMappingProtoType.h */ = {isa = PBXFileReference; fileEncoding = 4; lastKnownFileType = sourcecode.c.h; name = QNMappingProtoType.h; path = SuperClass/QNMappingProtoType.h; sourceTree = "<group>"; };
		A3F00C4D17D63C2C004E9C70 /* QNMappingProtoType.m */ = {isa = PBXFileReference; fileEncoding = 4; lastKnownFileType = sourcecode.c.objc; name = QNMappingProtoType.m; path = SuperClass/QNMappingProtoType.m; sourceTree = "<group>"; };
		E8C56557436B4A7AB09FECA1 /* Pods.xcconfig */ = {isa = PBXFileReference; includeInIndex = 1; lastKnownFileType = text.xcconfig; name = Pods.xcconfig; path = Pods/Pods.xcconfig; sourceTree = SOURCE_ROOT; };
		EFBD73E0B6634CCC9D885182 /* libPods.a */ = {isa = PBXFileReference; explicitFileType = archive.ar; includeInIndex = 0; path = libPods.a; sourceTree = BUILT_PRODUCTS_DIR; };
/* End PBXFileReference section */

/* Begin PBXFrameworksBuildPhase section */
		0CA5F16D17D4942F00183046 /* Frameworks */ = {
			isa = PBXFrameworksBuildPhase;
			buildActionMask = 2147483647;
			files = (
				0CA5F17417D4942F00183046 /* Foundation.framework in Frameworks */,
				3BA49805E4514E86BF621E22 /* libPods.a in Frameworks */,
			);
			runOnlyForDeploymentPostprocessing = 0;
		};
		0CA5F17D17D4942F00183046 /* Frameworks */ = {
			isa = PBXFrameworksBuildPhase;
			buildActionMask = 2147483647;
			files = (
				A3E12BA617D6083300A3982D /* libQNAPFramework.a in Frameworks */,
				A315014217D5C48B00C2BF2A /* MobileCoreServices.framework in Frameworks */,
				A315014017D5C48400C2BF2A /* SystemConfiguration.framework in Frameworks */,
				0CA5F18317D4942F00183046 /* SenTestingKit.framework in Frameworks */,
				0CA5F18517D4942F00183046 /* UIKit.framework in Frameworks */,
				0CA5F18617D4942F00183046 /* Foundation.framework in Frameworks */,
			);
			runOnlyForDeploymentPostprocessing = 0;
		};
		A322817317D6604A00017366 /* Frameworks */ = {
			isa = PBXFrameworksBuildPhase;
			buildActionMask = 2147483647;
			files = (
				A32281A317D662B000017366 /* libQNAPFramework.a in Frameworks */,
				A322817717D6604A00017366 /* UIKit.framework in Frameworks */,
				A322817817D6604A00017366 /* Foundation.framework in Frameworks */,
				A322817A17D6604A00017366 /* CoreGraphics.framework in Frameworks */,
			);
			runOnlyForDeploymentPostprocessing = 0;
		};
		A32281A517D6658900017366 /* Frameworks */ = {
			isa = PBXFrameworksBuildPhase;
			buildActionMask = 2147483647;
			files = (
				A32281AA17D6658A00017366 /* Cocoa.framework in Frameworks */,
			);
			runOnlyForDeploymentPostprocessing = 0;
		};
/* End PBXFrameworksBuildPhase section */

/* Begin PBXGroup section */
		0CA5F16717D4942F00183046 = {
			isa = PBXGroup;
			children = (
				0CA5F17517D4942F00183046 /* QNAPFramework */,
				0CA5F18A17D4942F00183046 /* QNAPFrameworkTests */,
				A322817B17D6604A00017366 /* QNAPFrameworkDemo */,
				A32281AF17D6658A00017366 /* QNAPFrameworkBundle */,
				0CA5F17217D4942F00183046 /* Frameworks */,
				0CA5F17117D4942F00183046 /* Products */,
				E8C56557436B4A7AB09FECA1 /* Pods.xcconfig */,
				8FDCA2533B1A4ABC8ACDAEF7 /* Pods-QNAPFrameworkTests.xcconfig */,
			);
			sourceTree = "<group>";
		};
		0CA5F17117D4942F00183046 /* Products */ = {
			isa = PBXGroup;
			children = (
				0CA5F17017D4942F00183046 /* libQNAPFramework.a */,
				0CA5F18117D4942F00183046 /* QNAPFrameworkTests.octest */,
				A322817617D6604A00017366 /* QNAPFrameworkDemo.app */,
				A32281A817D6658900017366 /* QNAPFrameworkBundle.bundle */,
			);
			name = Products;
			sourceTree = "<group>";
		};
		0CA5F17217D4942F00183046 /* Frameworks */ = {
			isa = PBXGroup;
			children = (
				A315014117D5C48B00C2BF2A /* MobileCoreServices.framework */,
				A315013F17D5C48400C2BF2A /* SystemConfiguration.framework */,
				0CA5F17317D4942F00183046 /* Foundation.framework */,
				0CA5F18217D4942F00183046 /* SenTestingKit.framework */,
				0CA5F18417D4942F00183046 /* UIKit.framework */,
				EFBD73E0B6634CCC9D885182 /* libPods.a */,
				A322817917D6604A00017366 /* CoreGraphics.framework */,
				A32281A917D6658A00017366 /* Cocoa.framework */,
				A32281AB17D6658A00017366 /* Other Frameworks */,
			);
			name = Frameworks;
			sourceTree = "<group>";
		};
		0CA5F17517D4942F00183046 /* QNAPFramework */ = {
			isa = PBXGroup;
			children = (
				A3F00C4B17D63BF9004E9C70 /* SuperClass */,
				A3E12BA817D6104F00A3982D /* MyCloud */,
				A3E12BA717D6103E00A3982D /* FileStation */,
				A36E1ED317D4D98E004C0435 /* CommunicationManager */,
				0CA5F17817D4942F00183046 /* QNAPFramework.h */,
				0CA5F17A17D4942F00183046 /* QNAPFramework.m */,
				0CA5F17617D4942F00183046 /* Supporting Files */,
				3C9FD55648F1F10AA937E9B6 /* Category */,
			);
			path = QNAPFramework;
			sourceTree = "<group>";
		};
		0CA5F17617D4942F00183046 /* Supporting Files */ = {
			isa = PBXGroup;
			children = (
				0CA5F17717D4942F00183046 /* QNAPFramework-Prefix.pch */,
			);
			name = "Supporting Files";
			sourceTree = "<group>";
		};
		0CA5F18A17D4942F00183046 /* QNAPFrameworkTests */ = {
			isa = PBXGroup;
			children = (
				0CA5F19017D4942F00183046 /* QNAPFrameworkTests.h */,
				0CA5F19117D4942F00183046 /* QNAPFrameworkTests.m */,
				0CA5F18B17D4942F00183046 /* Supporting Files */,
			);
			path = QNAPFrameworkTests;
			sourceTree = "<group>";
		};
		0CA5F18B17D4942F00183046 /* Supporting Files */ = {
			isa = PBXGroup;
			children = (
				A322816C17D656FB00017366 /* myCloudCoreData.xcdatamodeld */,
				0CA5F18C17D4942F00183046 /* QNAPFrameworkTests-Info.plist */,
				0CA5F18D17D4942F00183046 /* InfoPlist.strings */,
			);
			name = "Supporting Files";
			sourceTree = "<group>";
		};
		0CE3E6AB17D7437E0061C2BB /* CoreDataObject */ = {
			isa = PBXGroup;
			children = (
				A3B67F5417D7B1A100E4066A /* Response.h */,
				A3B67F5517D7B1A100E4066A /* Response.m */,
				A3B67F5117D7B1A100E4066A /* App.h */,
				A3B67F5217D7B1A100E4066A /* App.m */,
				A3B67F4E17D7B1A100E4066A /* SourceInfo.h */,
				A3B67F4F17D7B1A100E4066A /* SourceInfo.m */,
				A3B67F4B17D7B1A100E4066A /* User.h */,
				A3B67F4C17D7B1A100E4066A /* User.m */,
				A3B67F5717D7B84E00E4066A /* UserActivity.h */,
				A3B67F5817D7B84E00E4066A /* UserActivity.m */,
			);
			name = CoreDataObject;
			path = CoreData;
			sourceTree = "<group>";
		};
		3C9FD55648F1F10AA937E9B6 /* Category */ = {
			isa = PBXGroup;
			children = (
				3C9FDE2E44B82A42C952BCD3 /* NSManagedObjectContext+Extend.h */,
			);
			path = Category;
			sourceTree = "<group>";
		};
		A322817B17D6604A00017366 /* QNAPFrameworkDemo */ = {
			isa = PBXGroup;
			children = (
				A322818417D6604A00017366 /* QNAppDelegate.h */,
				A322818517D6604A00017366 /* QNAppDelegate.m */,
				A322818D17D6604A00017366 /* MainStoryboard_iPhone.storyboard */,
				A322819017D6604A00017366 /* MainStoryboard_iPad.storyboard */,
				A322819317D6604A00017366 /* QNViewController.h */,
				A322819417D6604A00017366 /* QNViewController.m */,
				A322817C17D6604A00017366 /* Supporting Files */,
			);
			path = QNAPFrameworkDemo;
			sourceTree = "<group>";
		};
		A322817C17D6604A00017366 /* Supporting Files */ = {
			isa = PBXGroup;
			children = (
				A322817D17D6604A00017366 /* QNAPFrameworkDemo-Info.plist */,
				A322817E17D6604A00017366 /* InfoPlist.strings */,
				A322818117D6604A00017366 /* main.m */,
				A322818317D6604A00017366 /* QNAPFrameworkDemo-Prefix.pch */,
				A322818717D6604A00017366 /* Default.png */,
				A322818917D6604A00017366 /* Default@2x.png */,
				A322818B17D6604A00017366 /* Default-568h@2x.png */,
			);
			name = "Supporting Files";
			sourceTree = "<group>";
		};
		A32281AB17D6658A00017366 /* Other Frameworks */ = {
			isa = PBXGroup;
			children = (
				A32281AC17D6658A00017366 /* AppKit.framework */,
				A32281AD17D6658A00017366 /* CoreData.framework */,
				A32281AE17D6658A00017366 /* Foundation.framework */,
			);
			name = "Other Frameworks";
			sourceTree = "<group>";
		};
		A32281AF17D6658A00017366 /* QNAPFrameworkBundle */ = {
			isa = PBXGroup;
			children = (
				A32281B017D6658A00017366 /* Supporting Files */,
			);
			path = QNAPFrameworkBundle;
			sourceTree = "<group>";
		};
		A32281B017D6658A00017366 /* Supporting Files */ = {
			isa = PBXGroup;
			children = (
				A32281B117D6658A00017366 /* QNAPFrameworkBundle-Info.plist */,
				A32281B217D6658A00017366 /* InfoPlist.strings */,
				A32281B517D6658A00017366 /* QNAPFrameworkBundle-Prefix.pch */,
			);
			name = "Supporting Files";
			sourceTree = "<group>";
		};
		A36E1ED317D4D98E004C0435 /* CommunicationManager */ = {
			isa = PBXGroup;
			children = (
				0CA5F19B17D497CD00183046 /* QNAPCommunicationManager.h */,
				0CA5F19C17D497CD00183046 /* QNAPCommunicationManager.m */,
			);
			name = CommunicationManager;
			sourceTree = "<group>";
		};
		A3E12BA717D6103E00A3982D /* FileStation */ = {
			isa = PBXGroup;
			children = (
				A3E12BA917D6119500A3982D /* QNFileStationAPIManager.h */,
				A3E12BAA17D6119500A3982D /* QNFileStationAPIManager.m */,
				0CA33A4D17DDCFFC00E521C9 /* QNFileStationMapping.h */,
				0CA33A4E17DDCFFC00E521C9 /* QNFileStationMapping.m */,
			);
			name = FileStation;
			sourceTree = "<group>";
		};
		A3E12BA817D6104F00A3982D /* MyCloud */ = {
			isa = PBXGroup;
			children = (
				0CE3E6AB17D7437E0061C2BB /* CoreDataObject */,
				A36E1ED417D4D9B2004C0435 /* QNMyCloudManager.h */,
				A36E1ED517D4D9B2004C0435 /* QNMyCloudManager.m */,
				A3E12BAF17D62B9C00A3982D /* QNMyCloudMapping.h */,
				A3E12BB017D62B9C00A3982D /* QNMyCloudMapping.m */,
			);
			name = MyCloud;
			sourceTree = "<group>";
		};
		A3F00C4B17D63BF9004E9C70 /* SuperClass */ = {
			isa = PBXGroup;
			children = (
				A3E12BAC17D611BC00A3982D /* QNModuleBaseObject.h */,
				A3E12BAD17D611BC00A3982D /* QNModuleBaseObject.m */,
				A3F00C4C17D63C2C004E9C70 /* QNMappingProtoType.h */,
				A3F00C4D17D63C2C004E9C70 /* QNMappingProtoType.m */,
				A32281BB17D7900100017366 /* SettingInfo.h */,
			);
			name = SuperClass;
			sourceTree = "<group>";
		};
/* End PBXGroup section */

/* Begin PBXNativeTarget section */
		0CA5F16F17D4942F00183046 /* QNAPFramework */ = {
			isa = PBXNativeTarget;
			buildConfigurationList = 0CA5F19517D4942F00183046 /* Build configuration list for PBXNativeTarget "QNAPFramework" */;
			buildPhases = (
				9DFC483B8D184DD283831D6D /* Check Pods Manifest.lock */,
				0CA5F16C17D4942F00183046 /* Sources */,
				0CA5F16D17D4942F00183046 /* Frameworks */,
				0CA5F16E17D4942F00183046 /* CopyFiles */,
				0D4D16CA26054394A494028E /* Copy Pods Resources */,
			);
			buildRules = (
			);
			dependencies = (
			);
			name = QNAPFramework;
			productName = QNAPFramework;
			productReference = 0CA5F17017D4942F00183046 /* libQNAPFramework.a */;
			productType = "com.apple.product-type.library.static";
		};
		0CA5F18017D4942F00183046 /* QNAPFrameworkTests */ = {
			isa = PBXNativeTarget;
			buildConfigurationList = 0CA5F19817D4942F00183046 /* Build configuration list for PBXNativeTarget "QNAPFrameworkTests" */;
			buildPhases = (
				947389AE160442D1B243269A /* Check Pods Manifest.lock */,
				0CA5F17C17D4942F00183046 /* Sources */,
				0CA5F17D17D4942F00183046 /* Frameworks */,
				0CA5F17E17D4942F00183046 /* Resources */,
				0CA5F17F17D4942F00183046 /* ShellScript */,
				086F3CC49A924EFD9F1ADBD8 /* Copy Pods Resources */,
			);
			buildRules = (
			);
			dependencies = (
				0CE3E6A117D7027B0061C2BB /* PBXTargetDependency */,
			);
			name = QNAPFrameworkTests;
			productName = QNAPFrameworkTests;
			productReference = 0CA5F18117D4942F00183046 /* QNAPFrameworkTests.octest */;
			productType = "com.apple.product-type.bundle";
		};
		A322817517D6604A00017366 /* QNAPFrameworkDemo */ = {
			isa = PBXNativeTarget;
			buildConfigurationList = A322819617D6604A00017366 /* Build configuration list for PBXNativeTarget "QNAPFrameworkDemo" */;
			buildPhases = (
				A322817217D6604A00017366 /* Sources */,
				A322817317D6604A00017366 /* Frameworks */,
				A322817417D6604A00017366 /* Resources */,
			);
			buildRules = (
			);
			dependencies = (
				0CE3E69F17D6E63E0061C2BB /* PBXTargetDependency */,
				A32281A217D6609000017366 /* PBXTargetDependency */,
			);
			name = QNAPFrameworkDemo;
			productName = QNAPFrameworkDemo;
			productReference = A322817617D6604A00017366 /* QNAPFrameworkDemo.app */;
			productType = "com.apple.product-type.application";
		};
		A32281A717D6658900017366 /* QNAPFrameworkBundle */ = {
			isa = PBXNativeTarget;
			buildConfigurationList = A32281B617D6658A00017366 /* Build configuration list for PBXNativeTarget "QNAPFrameworkBundle" */;
			buildPhases = (
				A32281A417D6658900017366 /* Sources */,
				A32281A517D6658900017366 /* Frameworks */,
				A32281A617D6658900017366 /* Resources */,
			);
			buildRules = (
			);
			dependencies = (
			);
			name = QNAPFrameworkBundle;
			productName = QNAPFrameworkBundle;
			productReference = A32281A817D6658900017366 /* QNAPFrameworkBundle.bundle */;
			productType = "com.apple.product-type.bundle";
		};
/* End PBXNativeTarget section */

/* Begin PBXProject section */
		0CA5F16817D4942F00183046 /* Project object */ = {
			isa = PBXProject;
			attributes = {
				LastUpgradeCheck = 0460;
				ORGANIZATIONNAME = QNAP;
			};
			buildConfigurationList = 0CA5F16B17D4942F00183046 /* Build configuration list for PBXProject "QNAPFramework" */;
			compatibilityVersion = "Xcode 3.2";
			developmentRegion = English;
			hasScannedForEncodings = 0;
			knownRegions = (
				en,
			);
			mainGroup = 0CA5F16717D4942F00183046;
			productRefGroup = 0CA5F17117D4942F00183046 /* Products */;
			projectDirPath = "";
			projectRoot = "";
			targets = (
				0CA5F16F17D4942F00183046 /* QNAPFramework */,
				0CA5F18017D4942F00183046 /* QNAPFrameworkTests */,
				A322817517D6604A00017366 /* QNAPFrameworkDemo */,
				A32281A717D6658900017366 /* QNAPFrameworkBundle */,
			);
		};
/* End PBXProject section */

/* Begin PBXResourcesBuildPhase section */
		0CA5F17E17D4942F00183046 /* Resources */ = {
			isa = PBXResourcesBuildPhase;
			buildActionMask = 2147483647;
			files = (
				0CA5F18F17D4942F00183046 /* InfoPlist.strings in Resources */,
			);
			runOnlyForDeploymentPostprocessing = 0;
		};
		A322817417D6604A00017366 /* Resources */ = {
			isa = PBXResourcesBuildPhase;
			buildActionMask = 2147483647;
			files = (
				A32281BA17D6664C00017366 /* QNAPFrameworkBundle.bundle in Resources */,
				A322818017D6604A00017366 /* InfoPlist.strings in Resources */,
				A322818817D6604A00017366 /* Default.png in Resources */,
				A322818A17D6604A00017366 /* Default@2x.png in Resources */,
				A322818C17D6604A00017366 /* Default-568h@2x.png in Resources */,
				A322818F17D6604A00017366 /* MainStoryboard_iPhone.storyboard in Resources */,
				A322819217D6604A00017366 /* MainStoryboard_iPad.storyboard in Resources */,
			);
			runOnlyForDeploymentPostprocessing = 0;
		};
		A32281A617D6658900017366 /* Resources */ = {
			isa = PBXResourcesBuildPhase;
			buildActionMask = 2147483647;
			files = (
				A32281B917D665EC00017366 /* myCloudCoreData.xcdatamodeld in Resources */,
				A32281B417D6658A00017366 /* InfoPlist.strings in Resources */,
			);
			runOnlyForDeploymentPostprocessing = 0;
		};
/* End PBXResourcesBuildPhase section */

/* Begin PBXShellScriptBuildPhase section */
		086F3CC49A924EFD9F1ADBD8 /* Copy Pods Resources */ = {
			isa = PBXShellScriptBuildPhase;
			buildActionMask = 2147483647;
			files = (
			);
			inputPaths = (
			);
			name = "Copy Pods Resources";
			outputPaths = (
			);
			runOnlyForDeploymentPostprocessing = 0;
			shellPath = /bin/sh;
			shellScript = "\"${SRCROOT}/Pods/Pods-QNAPFrameworkTests-resources.sh\"\n";
			showEnvVarsInLog = 0;
		};
		0CA5F17F17D4942F00183046 /* ShellScript */ = {
			isa = PBXShellScriptBuildPhase;
			buildActionMask = 2147483647;
			files = (
			);
			inputPaths = (
			);
			outputPaths = (
			);
			runOnlyForDeploymentPostprocessing = 0;
			shellPath = /bin/sh;
			shellScript = "# Run the unit tests in this test bundle.\n\"${SYSTEM_DEVELOPER_DIR}/Tools/RunUnitTests\"\n";
		};
		0D4D16CA26054394A494028E /* Copy Pods Resources */ = {
			isa = PBXShellScriptBuildPhase;
			buildActionMask = 2147483647;
			files = (
			);
			inputPaths = (
			);
			name = "Copy Pods Resources";
			outputPaths = (
			);
			runOnlyForDeploymentPostprocessing = 0;
			shellPath = /bin/sh;
			shellScript = "\"${SRCROOT}/Pods/Pods-resources.sh\"\n";
			showEnvVarsInLog = 0;
		};
		947389AE160442D1B243269A /* Check Pods Manifest.lock */ = {
			isa = PBXShellScriptBuildPhase;
			buildActionMask = 2147483647;
			files = (
			);
			inputPaths = (
			);
			name = "Check Pods Manifest.lock";
			outputPaths = (
			);
			runOnlyForDeploymentPostprocessing = 0;
			shellPath = /bin/sh;
			shellScript = "diff \"${PODS_ROOT}/../Podfile.lock\" \"${PODS_ROOT}/Manifest.lock\" > /dev/null\nif [[ $? != 0 ]] ; then\n    cat << EOM\nerror: The sandbox is not in sync with the Podfile.lock. Run 'pod install' or update your CocoaPods installation.\nEOM\n    exit 1\nfi\n";
			showEnvVarsInLog = 0;
		};
		9DFC483B8D184DD283831D6D /* Check Pods Manifest.lock */ = {
			isa = PBXShellScriptBuildPhase;
			buildActionMask = 2147483647;
			files = (
			);
			inputPaths = (
			);
			name = "Check Pods Manifest.lock";
			outputPaths = (
			);
			runOnlyForDeploymentPostprocessing = 0;
			shellPath = /bin/sh;
			shellScript = "diff \"${PODS_ROOT}/../Podfile.lock\" \"${PODS_ROOT}/Manifest.lock\" > /dev/null\nif [[ $? != 0 ]] ; then\n    cat << EOM\nerror: The sandbox is not in sync with the Podfile.lock. Run 'pod install' or update your CocoaPods installation.\nEOM\n    exit 1\nfi\n";
			showEnvVarsInLog = 0;
		};
/* End PBXShellScriptBuildPhase section */

/* Begin PBXSourcesBuildPhase section */
		0CA5F16C17D4942F00183046 /* Sources */ = {
			isa = PBXSourcesBuildPhase;
			buildActionMask = 2147483647;
			files = (
				0CA5F17B17D4942F00183046 /* QNAPFramework.m in Sources */,
				0CA5F19D17D497CD00183046 /* QNAPCommunicationManager.m in Sources */,
				A36E1ED617D4D9B2004C0435 /* QNMyCloudManager.m in Sources */,
				A3E12BAB17D6119500A3982D /* QNFileStationAPIManager.m in Sources */,
				A3E12BAE17D611BC00A3982D /* QNModuleBaseObject.m in Sources */,
				A3E12BB117D62B9C00A3982D /* QNMyCloudMapping.m in Sources */,
				A3F00C4E17D63C2C004E9C70 /* QNMappingProtoType.m in Sources */,
				A322816E17D656FB00017366 /* myCloudCoreData.xcdatamodeld in Sources */,
				A3B67F4D17D7B1A100E4066A /* User.m in Sources */,
				A3B67F5017D7B1A100E4066A /* SourceInfo.m in Sources */,
				A3B67F5317D7B1A100E4066A /* App.m in Sources */,
				A3B67F5617D7B1A100E4066A /* Response.m in Sources */,
				A3B67F5917D7B84E00E4066A /* UserActivity.m in Sources */,
				0CA33A4F17DDCFFC00E521C9 /* QNFileStationMapping.m in Sources */,
			);
			runOnlyForDeploymentPostprocessing = 0;
		};
		0CA5F17C17D4942F00183046 /* Sources */ = {
			isa = PBXSourcesBuildPhase;
			buildActionMask = 2147483647;
			files = (
				0CA5F19217D4942F00183046 /* QNAPFrameworkTests.m in Sources */,
			);
			runOnlyForDeploymentPostprocessing = 0;
		};
		A322817217D6604A00017366 /* Sources */ = {
			isa = PBXSourcesBuildPhase;
			buildActionMask = 2147483647;
			files = (
				A322818217D6604A00017366 /* main.m in Sources */,
				A322818617D6604A00017366 /* QNAppDelegate.m in Sources */,
				A322819517D6604A00017366 /* QNViewController.m in Sources */,
			);
			runOnlyForDeploymentPostprocessing = 0;
		};
		A32281A417D6658900017366 /* Sources */ = {
			isa = PBXSourcesBuildPhase;
			buildActionMask = 2147483647;
			files = (
			);
			runOnlyForDeploymentPostprocessing = 0;
		};
/* End PBXSourcesBuildPhase section */

/* Begin PBXTargetDependency section */
		0CE3E69F17D6E63E0061C2BB /* PBXTargetDependency */ = {
			isa = PBXTargetDependency;
			target = A32281A717D6658900017366 /* QNAPFrameworkBundle */;
			targetProxy = 0CE3E69E17D6E63E0061C2BB /* PBXContainerItemProxy */;
		};
		0CE3E6A117D7027B0061C2BB /* PBXTargetDependency */ = {
			isa = PBXTargetDependency;
			target = A322817517D6604A00017366 /* QNAPFrameworkDemo */;
			targetProxy = 0CE3E6A017D7027B0061C2BB /* PBXContainerItemProxy */;
		};
		A32281A217D6609000017366 /* PBXTargetDependency */ = {
			isa = PBXTargetDependency;
			target = 0CA5F16F17D4942F00183046 /* QNAPFramework */;
			targetProxy = A32281A117D6609000017366 /* PBXContainerItemProxy */;
		};
/* End PBXTargetDependency section */

/* Begin PBXVariantGroup section */
		0CA5F18D17D4942F00183046 /* InfoPlist.strings */ = {
			isa = PBXVariantGroup;
			children = (
				0CA5F18E17D4942F00183046 /* en */,
			);
			name = InfoPlist.strings;
			sourceTree = "<group>";
		};
		A322817E17D6604A00017366 /* InfoPlist.strings */ = {
			isa = PBXVariantGroup;
			children = (
				A322817F17D6604A00017366 /* en */,
			);
			name = InfoPlist.strings;
			sourceTree = "<group>";
		};
		A322818D17D6604A00017366 /* MainStoryboard_iPhone.storyboard */ = {
			isa = PBXVariantGroup;
			children = (
				A322818E17D6604A00017366 /* en */,
			);
			name = MainStoryboard_iPhone.storyboard;
			sourceTree = "<group>";
		};
		A322819017D6604A00017366 /* MainStoryboard_iPad.storyboard */ = {
			isa = PBXVariantGroup;
			children = (
				A322819117D6604A00017366 /* en */,
			);
			name = MainStoryboard_iPad.storyboard;
			sourceTree = "<group>";
		};
		A32281B217D6658A00017366 /* InfoPlist.strings */ = {
			isa = PBXVariantGroup;
			children = (
				A32281B317D6658A00017366 /* en */,
			);
			name = InfoPlist.strings;
			sourceTree = "<group>";
		};
/* End PBXVariantGroup section */

/* Begin XCBuildConfiguration section */
		0CA5F19317D4942F00183046 /* Debug */ = {
			isa = XCBuildConfiguration;
			buildSettings = {
				ALWAYS_SEARCH_USER_PATHS = NO;
				CLANG_CXX_LANGUAGE_STANDARD = "gnu++0x";
				CLANG_CXX_LIBRARY = "libc++";
				CLANG_ENABLE_OBJC_ARC = YES;
				CLANG_WARN_CONSTANT_CONVERSION = YES;
				CLANG_WARN_EMPTY_BODY = YES;
				CLANG_WARN_ENUM_CONVERSION = YES;
				CLANG_WARN_INT_CONVERSION = YES;
				CLANG_WARN__DUPLICATE_METHOD_MATCH = YES;
				COPY_PHASE_STRIP = NO;
				GCC_C_LANGUAGE_STANDARD = gnu99;
				GCC_DYNAMIC_NO_PIC = NO;
				GCC_OPTIMIZATION_LEVEL = 0;
				GCC_PREPROCESSOR_DEFINITIONS = (
					"DEBUG=1",
					"$(inherited)",
				);
				GCC_SYMBOLS_PRIVATE_EXTERN = NO;
				GCC_WARN_ABOUT_RETURN_TYPE = YES;
				GCC_WARN_UNINITIALIZED_AUTOS = YES;
				GCC_WARN_UNUSED_VARIABLE = YES;
				IPHONEOS_DEPLOYMENT_TARGET = 5.0;
				ONLY_ACTIVE_ARCH = YES;
				SDKROOT = iphoneos;
			};
			name = Debug;
		};
		0CA5F19417D4942F00183046 /* Release */ = {
			isa = XCBuildConfiguration;
			buildSettings = {
				ALWAYS_SEARCH_USER_PATHS = NO;
				CLANG_CXX_LANGUAGE_STANDARD = "gnu++0x";
				CLANG_CXX_LIBRARY = "libc++";
				CLANG_ENABLE_OBJC_ARC = YES;
				CLANG_WARN_CONSTANT_CONVERSION = YES;
				CLANG_WARN_EMPTY_BODY = YES;
				CLANG_WARN_ENUM_CONVERSION = YES;
				CLANG_WARN_INT_CONVERSION = YES;
				CLANG_WARN__DUPLICATE_METHOD_MATCH = YES;
				COPY_PHASE_STRIP = YES;
				GCC_C_LANGUAGE_STANDARD = gnu99;
				GCC_WARN_ABOUT_RETURN_TYPE = YES;
				GCC_WARN_UNINITIALIZED_AUTOS = YES;
				GCC_WARN_UNUSED_VARIABLE = YES;
				IPHONEOS_DEPLOYMENT_TARGET = 5.0;
				SDKROOT = iphoneos;
				VALIDATE_PRODUCT = YES;
			};
			name = Release;
		};
		0CA5F19617D4942F00183046 /* Debug */ = {
			isa = XCBuildConfiguration;
			baseConfigurationReference = E8C56557436B4A7AB09FECA1 /* Pods.xcconfig */;
			buildSettings = {
				DSTROOT = /tmp/QNAPFramework.dst;
				GCC_PRECOMPILE_PREFIX_HEADER = YES;
				GCC_PREFIX_HEADER = "QNAPFramework/QNAPFramework-Prefix.pch";
				OTHER_LDFLAGS = "-ObjC";
				PRODUCT_NAME = "$(TARGET_NAME)";
				SKIP_INSTALL = YES;
				USER_HEADER_SEARCH_PATHS = "\"${PROJECT_DIR}/Pods\"/**";
			};
			name = Debug;
		};
		0CA5F19717D4942F00183046 /* Release */ = {
			isa = XCBuildConfiguration;
			baseConfigurationReference = E8C56557436B4A7AB09FECA1 /* Pods.xcconfig */;
			buildSettings = {
				DSTROOT = /tmp/QNAPFramework.dst;
				GCC_PRECOMPILE_PREFIX_HEADER = YES;
				GCC_PREFIX_HEADER = "QNAPFramework/QNAPFramework-Prefix.pch";
				OTHER_LDFLAGS = "-ObjC";
				PRODUCT_NAME = "$(TARGET_NAME)";
				SKIP_INSTALL = YES;
				USER_HEADER_SEARCH_PATHS = "\"${PROJECT_DIR}/Pods\"/**";
			};
			name = Release;
		};
		0CA5F19917D4942F00183046 /* Debug */ = {
			isa = XCBuildConfiguration;
			baseConfigurationReference = E8C56557436B4A7AB09FECA1 /* Pods.xcconfig */;
			buildSettings = {
				ALWAYS_SEARCH_USER_PATHS = YES;
				BUNDLE_LOADER = "$(BUILT_PRODUCTS_DIR)/QNAPFrameworkDemo.app/QNAPFrameworkDemo";
				FRAMEWORK_SEARCH_PATHS = (
					"\"$(SDKROOT)/Developer/Library/Frameworks\"",
					"\"$(DEVELOPER_LIBRARY_DIR)/Frameworks\"",
				);
				GCC_PRECOMPILE_PREFIX_HEADER = YES;
				GCC_PREFIX_HEADER = "QNAPFramework/QNAPFramework-Prefix.pch";
				HEADER_SEARCH_PATHS = (
					"\"${PODS_ROOT}/Headers\"",
					"\"${PODS_ROOT}/Headers/AFNetworking\"",
					"\"${PODS_ROOT}/Headers/AFOAuth2Client\"",
					"\"${PODS_ROOT}/Headers/CocoaLumberjack\"",
					"\"${PODS_ROOT}/Headers/Expecta\"",
					"\"${PODS_ROOT}/Headers/MagicalRecord\"",
					"\"${PODS_ROOT}/Headers/RestKit\"",
					"\"${PODS_ROOT}/Headers/RestKit/RestKit\"",
					"\"${PODS_ROOT}/Headers/RestKit/RestKit/CoreData\"",
					"\"${PODS_ROOT}/Headers/RestKit/RestKit/Network\"",
					"\"${PODS_ROOT}/Headers/RestKit/RestKit/ObjectMapping\"",
					"\"${PODS_ROOT}/Headers/RestKit/RestKit/Support\"",
					"\"${PODS_ROOT}/Headers/SOCKit\"",
					"\"${PODS_ROOT}/Headers/TransitionKit\"",
					"\"${BUILT_PRODUCTS_DIR}/../../Headers",
				);
				INFOPLIST_FILE = "QNAPFrameworkTests/QNAPFrameworkTests-Info.plist";
				PRODUCT_NAME = "$(TARGET_NAME)";
				TEST_HOST = "$(BUNDLE_LOADER)";
				WRAPPER_EXTENSION = octest;
			};
			name = Debug;
		};
		0CA5F19A17D4942F00183046 /* Release */ = {
			isa = XCBuildConfiguration;
			baseConfigurationReference = E8C56557436B4A7AB09FECA1 /* Pods.xcconfig */;
			buildSettings = {
				ALWAYS_SEARCH_USER_PATHS = YES;
				BUNDLE_LOADER = "$(BUILT_PRODUCTS_DIR)/QNAPFrameworkDemo.app/QNAPFrameworkDemo";
				FRAMEWORK_SEARCH_PATHS = (
					"\"$(SDKROOT)/Developer/Library/Frameworks\"",
					"\"$(DEVELOPER_LIBRARY_DIR)/Frameworks\"",
				);
				GCC_PRECOMPILE_PREFIX_HEADER = YES;
				GCC_PREFIX_HEADER = "QNAPFramework/QNAPFramework-Prefix.pch";
				HEADER_SEARCH_PATHS = (
					"\"${PODS_ROOT}/Headers\"",
					"\"${PODS_ROOT}/Headers/AFNetworking\"",
					"\"${PODS_ROOT}/Headers/AFOAuth2Client\"",
					"\"${PODS_ROOT}/Headers/CocoaLumberjack\"",
					"\"${PODS_ROOT}/Headers/Expecta\"",
					"\"${PODS_ROOT}/Headers/MagicalRecord\"",
					"\"${PODS_ROOT}/Headers/RestKit\"",
					"\"${PODS_ROOT}/Headers/RestKit/RestKit\"",
					"\"${PODS_ROOT}/Headers/RestKit/RestKit/CoreData\"",
					"\"${PODS_ROOT}/Headers/RestKit/RestKit/Network\"",
					"\"${PODS_ROOT}/Headers/RestKit/RestKit/ObjectMapping\"",
					"\"${PODS_ROOT}/Headers/RestKit/RestKit/Support\"",
					"\"${PODS_ROOT}/Headers/SOCKit\"",
					"\"${PODS_ROOT}/Headers/TransitionKit\"",
					"\"${BUILT_PRODUCTS_DIR}/../../Headers",
				);
				INFOPLIST_FILE = "QNAPFrameworkTests/QNAPFrameworkTests-Info.plist";
				PRODUCT_NAME = "$(TARGET_NAME)";
				TEST_HOST = "$(BUNDLE_LOADER)";
				WRAPPER_EXTENSION = octest;
			};
			name = Release;
		};
		A322819717D6604A00017366 /* Debug */ = {
			isa = XCBuildConfiguration;
			baseConfigurationReference = E8C56557436B4A7AB09FECA1 /* Pods.xcconfig */;
			buildSettings = {
				ALWAYS_SEARCH_USER_PATHS = YES;
				"CODE_SIGN_IDENTITY[sdk=iphoneos*]" = "iPhone Developer";
				FRAMEWORK_SEARCH_PATHS = (
					"$(inherited)",
					"\"$(SYSTEM_APPS_DIR)/Xcode.app/Contents/Developer/Library/Frameworks\"",
				);
				GCC_PRECOMPILE_PREFIX_HEADER = YES;
				GCC_PREFIX_HEADER = "QNAPFrameworkDemo/QNAPFrameworkDemo-Prefix.pch";
				HEADER_SEARCH_PATHS = (
					"\"$(BUILT_PRODUCTS_DIR)\"",
					"\"${PODS_ROOT}/Headers\"",
					"\"${PODS_ROOT}/Headers/AFNetworking\"",
					"\"${PODS_ROOT}/Headers/AFOAuth2Client\"",
					"\"${PODS_ROOT}/Headers/CocoaLumberjack\"",
					"\"${PODS_ROOT}/Headers/Expecta\"",
					"\"${PODS_ROOT}/Headers/MagicalRecord\"",
					"\"${PODS_ROOT}/Headers/RestKit\"",
					"\"${PODS_ROOT}/Headers/RestKit/RestKit\"",
					"\"${PODS_ROOT}/Headers/RestKit/RestKit/CoreData\"",
					"\"${PODS_ROOT}/Headers/RestKit/RestKit/Network\"",
					"\"${PODS_ROOT}/Headers/RestKit/RestKit/ObjectMapping\"",
					"\"${PODS_ROOT}/Headers/RestKit/RestKit/Support\"",
					"\"${PODS_ROOT}/Headers/SOCKit\"",
					"\"${PODS_ROOT}/Headers/TransitionKit\"",
				);
				INFOPLIST_FILE = "QNAPFrameworkDemo/QNAPFrameworkDemo-Info.plist";
				IPHONEOS_DEPLOYMENT_TARGET = 6.1;
				PRODUCT_NAME = "$(TARGET_NAME)";
				TARGETED_DEVICE_FAMILY = "1,2";
				WRAPPER_EXTENSION = app;
			};
			name = Debug;
		};
		A322819817D6604A00017366 /* Release */ = {
			isa = XCBuildConfiguration;
			baseConfigurationReference = E8C56557436B4A7AB09FECA1 /* Pods.xcconfig */;
			buildSettings = {
				ALWAYS_SEARCH_USER_PATHS = YES;
				"CODE_SIGN_IDENTITY[sdk=iphoneos*]" = "iPhone Developer";
				FRAMEWORK_SEARCH_PATHS = (
					"$(inherited)",
					"\"$(SYSTEM_APPS_DIR)/Xcode.app/Contents/Developer/Library/Frameworks\"",
				);
				GCC_PRECOMPILE_PREFIX_HEADER = YES;
				GCC_PREFIX_HEADER = "QNAPFrameworkDemo/QNAPFrameworkDemo-Prefix.pch";
				HEADER_SEARCH_PATHS = (
					"\"$(BUILT_PRODUCTS_DIR)\"",
					"\"${PODS_ROOT}/Headers\"",
					"\"${PODS_ROOT}/Headers/AFNetworking\"",
					"\"${PODS_ROOT}/Headers/AFOAuth2Client\"",
					"\"${PODS_ROOT}/Headers/CocoaLumberjack\"",
					"\"${PODS_ROOT}/Headers/Expecta\"",
					"\"${PODS_ROOT}/Headers/MagicalRecord\"",
					"\"${PODS_ROOT}/Headers/RestKit\"",
					"\"${PODS_ROOT}/Headers/RestKit/RestKit\"",
					"\"${PODS_ROOT}/Headers/RestKit/RestKit/CoreData\"",
					"\"${PODS_ROOT}/Headers/RestKit/RestKit/Network\"",
					"\"${PODS_ROOT}/Headers/RestKit/RestKit/ObjectMapping\"",
					"\"${PODS_ROOT}/Headers/RestKit/RestKit/Support\"",
					"\"${PODS_ROOT}/Headers/SOCKit\"",
					"\"${PODS_ROOT}/Headers/TransitionKit\"",
				);
				INFOPLIST_FILE = "QNAPFrameworkDemo/QNAPFrameworkDemo-Info.plist";
				IPHONEOS_DEPLOYMENT_TARGET = 6.1;
				OTHER_CFLAGS = "-DNS_BLOCK_ASSERTIONS=1";
				PRODUCT_NAME = "$(TARGET_NAME)";
				TARGETED_DEVICE_FAMILY = "1,2";
				WRAPPER_EXTENSION = app;
			};
			name = Release;
		};
		A32281B717D6658A00017366 /* Debug */ = {
			isa = XCBuildConfiguration;
			buildSettings = {
				ARCHS = "$(ARCHS_STANDARD_32_BIT)";
				COMBINE_HIDPI_IMAGES = YES;
				FRAMEWORK_SEARCH_PATHS = (
					"$(inherited)",
					"\"$(SYSTEM_APPS_DIR)/Xcode.app/Contents/Developer/Library/Frameworks\"",
				);
				GCC_ENABLE_OBJC_EXCEPTIONS = YES;
				GCC_PRECOMPILE_PREFIX_HEADER = YES;
				GCC_PREFIX_HEADER = "QNAPFrameworkBundle/QNAPFrameworkBundle-Prefix.pch";
				GCC_WARN_64_TO_32_BIT_CONVERSION = YES;
				INFOPLIST_FILE = "QNAPFrameworkBundle/QNAPFrameworkBundle-Info.plist";
				INSTALL_PATH = "$(LOCAL_LIBRARY_DIR)/Bundles";
				MACOSX_DEPLOYMENT_TARGET = 10.7;
				PRODUCT_NAME = "$(TARGET_NAME)";
				SDKROOT = iphoneos6.1;
				WRAPPER_EXTENSION = bundle;
			};
			name = Debug;
		};
		A32281B817D6658A00017366 /* Release */ = {
			isa = XCBuildConfiguration;
			buildSettings = {
				ARCHS = "$(ARCHS_STANDARD_32_BIT)";
				COMBINE_HIDPI_IMAGES = YES;
				DEBUG_INFORMATION_FORMAT = "dwarf-with-dsym";
				FRAMEWORK_SEARCH_PATHS = (
					"$(inherited)",
					"\"$(SYSTEM_APPS_DIR)/Xcode.app/Contents/Developer/Library/Frameworks\"",
				);
				GCC_ENABLE_OBJC_EXCEPTIONS = YES;
				GCC_PRECOMPILE_PREFIX_HEADER = YES;
				GCC_PREFIX_HEADER = "QNAPFrameworkBundle/QNAPFrameworkBundle-Prefix.pch";
				GCC_WARN_64_TO_32_BIT_CONVERSION = YES;
				INFOPLIST_FILE = "QNAPFrameworkBundle/QNAPFrameworkBundle-Info.plist";
				INSTALL_PATH = "$(LOCAL_LIBRARY_DIR)/Bundles";
				MACOSX_DEPLOYMENT_TARGET = 10.7;
				PRODUCT_NAME = "$(TARGET_NAME)";
				SDKROOT = iphoneos6.1;
				WRAPPER_EXTENSION = bundle;
			};
			name = Release;
		};
/* End XCBuildConfiguration section */

/* Begin XCConfigurationList section */
		0CA5F16B17D4942F00183046 /* Build configuration list for PBXProject "QNAPFramework" */ = {
			isa = XCConfigurationList;
			buildConfigurations = (
				0CA5F19317D4942F00183046 /* Debug */,
				0CA5F19417D4942F00183046 /* Release */,
			);
			defaultConfigurationIsVisible = 0;
			defaultConfigurationName = Release;
		};
		0CA5F19517D4942F00183046 /* Build configuration list for PBXNativeTarget "QNAPFramework" */ = {
			isa = XCConfigurationList;
			buildConfigurations = (
				0CA5F19617D4942F00183046 /* Debug */,
				0CA5F19717D4942F00183046 /* Release */,
			);
			defaultConfigurationIsVisible = 0;
			defaultConfigurationName = Release;
		};
		0CA5F19817D4942F00183046 /* Build configuration list for PBXNativeTarget "QNAPFrameworkTests" */ = {
			isa = XCConfigurationList;
			buildConfigurations = (
				0CA5F19917D4942F00183046 /* Debug */,
				0CA5F19A17D4942F00183046 /* Release */,
			);
			defaultConfigurationIsVisible = 0;
			defaultConfigurationName = Release;
		};
		A322819617D6604A00017366 /* Build configuration list for PBXNativeTarget "QNAPFrameworkDemo" */ = {
			isa = XCConfigurationList;
			buildConfigurations = (
				A322819717D6604A00017366 /* Debug */,
				A322819817D6604A00017366 /* Release */,
			);
			defaultConfigurationIsVisible = 0;
			defaultConfigurationName = Release;
		};
		A32281B617D6658A00017366 /* Build configuration list for PBXNativeTarget "QNAPFrameworkBundle" */ = {
			isa = XCConfigurationList;
			buildConfigurations = (
				A32281B717D6658A00017366 /* Debug */,
				A32281B817D6658A00017366 /* Release */,
			);
			defaultConfigurationIsVisible = 0;
			defaultConfigurationName = Release;
		};
/* End XCConfigurationList section */

/* Begin XCVersionGroup section */
		A322816C17D656FB00017366 /* myCloudCoreData.xcdatamodeld */ = {
			isa = XCVersionGroup;
			children = (
				A322816D17D656FB00017366 /* myCloudCoreData.xcdatamodel */,
			);
			currentVersion = A322816D17D656FB00017366 /* myCloudCoreData.xcdatamodel */;
			name = myCloudCoreData.xcdatamodeld;
			path = ../QNAPFramework/myCloudCoreData.xcdatamodeld;
			sourceTree = "<group>";
			versionGroupType = wrapper.xcdatamodel;
		};
/* End XCVersionGroup section */
	};
	rootObject = 0CA5F16817D4942F00183046 /* Project object */;
}
